{
  "version": "5",
  "specifiers": {
    "jsr:@hono/hono@4.12.23": "4.12.23",
    "jsr:@jhordycg/json-server@0.1.2": "0.1.2",
    "jsr:@std/bytes@^1.0.6": "1.0.6",
    "jsr:@std/fs@1.0.24": "1.0.24",
    "jsr:@std/internal@^1.0.14": "1.0.14",
    "jsr:@std/io@0.225.3": "0.225.3",
    "jsr:@std/path@1.1.5": "1.1.5",
    "jsr:@std/path@^1.1.5": "1.1.5",
    "npm:chalk@5.6.2": "5.6.2",
    "npm:dot-prop@10.1.0": "10.1.0",
    "npm:eta@4.5.0": "4.5.0",
    "npm:inflection@3.0.2": "3.0.2",
    "npm:json5@2.2.3": "2.2.3",
    "npm:lowdb@7.0.1": "7.0.1",
    "npm:sort-on@7.0.0": "7.0.0",
    "npm:type-fest@5.4.0": "5.4.0"
  },
  "jsr": {
    "@hono/hono@4.12.23": {
      "integrity": "9d9f3da498f69c311b5f92d973eb3b8ebc973b5fd2b4972781b556e07818a745"
    },
    "@jhordycg/json-server@0.1.2": {
      "integrity": "abcfbd262f00c286b2a7a9c05ea34a6ff9a67a5cff267d6e02c664a66c5de0d1",
      "dependencies": [
        "jsr:@hono/hono",
        "jsr:@std/fs",
        "jsr:@std/io",
        "jsr:@std/path@1.1.5",
        "npm:chalk",
        "npm:dot-prop",
        "npm:eta",
        "npm:inflection",
        "npm:json5",
        "npm:lowdb",
        "npm:sort-on",
        "npm:type-fest"
      ]
    },
    "@std/bytes@1.0.6": {
      "integrity": "f6ac6adbd8ccd99314045f5703e23af0a68d7f7e58364b47d2c7f408aeb5820a"
    },
    "@std/fs@1.0.24": {
      "integrity": "f3061b45b81673a2bece689da041df32d174be064c89eb6397fb5718d3fb7877",
      "dependencies": [
        "jsr:@std/internal",
        "jsr:@std/path@^1.1.5"
      ]
    },
    "@std/internal@1.0.14": {
      "integrity": "291516b3d4c35024d6ffbc0a9df5bf4c64116e05b50012cf846710152d2ffdf7"
    },
    "@std/io@0.225.3": {
      "integrity": "27b07b591384d12d7b568f39e61dff966b8230559122df1e9fd11cc068f7ddd1",
      "dependencies": [
        "jsr:@std/bytes"
      ]
    },
    "@std/path@1.1.5": {
      "integrity": "ccea00982ea28c36becaf6e62f855406c76a8c32d462f66f415bbb7d83a271bc",
      "dependencies": [
        "jsr:@std/internal"
      ]
    }
  },
  "npm": {
    "chalk@5.6.2": {
      "integrity": "sha512-7NzBL0rN6fMUW+f7A6Io4h40qQlG+xGmtMxfbnH/K7TAtt8JQWVQK+6g0UXKMeVJoyV5EkkNsErQ8pVD3bLHbA=="
    },
    "dot-prop@10.1.0": {
      "integrity": "sha512-MVUtAugQMOff5RnBy2d9N31iG0lNwg1qAoAOn7pOK5wf94WIaE3My2p3uwTQuvS2AcqchkcR3bHByjaM0mmi7Q==",
      "dependencies": [
        "type-fest"
      ]
    },
    "eta@4.5.0": {
      "integrity": "sha512-qifAYjuW5AM1eEEIsFnOwB+TGqu6ynU3OKj9WbUTOtUBHFPZqL03XUW34kbp3zm19Ald+U8dEyRXaVsUck+Y1g=="
    },
    "inflection@3.0.2": {
      "integrity": "sha512-+Bg3+kg+J6JUWn8J6bzFmOWkTQ6L/NHfDRSYU+EVvuKHDxUDHAXgqixHfVlzuBQaPOTac8hn43aPhMNk6rMe3g=="
    },
    "json5@2.2.3": {
      "integrity": "sha512-XmOWe7eyHYH14cLdVPoyg+GOH3rYX++KpzrylJwSW98t3Nk+U8XOl8FWKOgwtzdb8lXGf6zYwDUzeHMWfxasyg==",
      "bin": true
    },
    "lowdb@7.0.1": {
      "integrity": "sha512-neJAj8GwF0e8EpycYIDFqEPcx9Qz4GUho20jWFR7YiFeXzF1YMLdxB36PypcTSPMA+4+LvgyMacYhlr18Zlymw==",
      "dependencies": [
        "steno"
      ]
    },
    "sort-on@7.0.0": {
      "integrity": "sha512-e+4RRxt7jsWdGPp4H5PKOER/ELYlemNB1plvW686Qi3j4WVaCjCpro2zaTD7Cn0VtBImq/hg3x1JfovMNXXfJQ==",
      "dependencies": [
        "dot-prop"
      ]
    },
    "steno@4.0.2": {
      "integrity": "sha512-yhPIQXjrlt1xv7dyPQg2P17URmXbuM5pdGkpiMB3RenprfiBlvK415Lctfe0eshk90oA7/tNq7WEiMK8RSP39A=="
    },
    "tagged-tag@1.0.0": {
      "integrity": "sha512-yEFYrVhod+hdNyx7g5Bnkkb0G6si8HJurOoOEgC8B/O0uXLHlaey/65KRv6cuWBNhBgHKAROVpc7QyYqE5gFng=="
    },
    "type-fest@5.4.0": {
      "integrity": "sha512-wfkA6r0tBpVfGiyO+zbf9e10QkRQSlK9F2UvyfnjoCmrvH2bjHyhPzhugSBOuq1dog3P0+FKckqe+Xf6WKVjwg==",
      "dependencies": [
        "tagged-tag"
      ]
    }
  },
  "workspace": {
    "dependencies": [
      "jsr:@jhordycg/json-server@0.1.2",
      "jsr:@std/path@1.1.5"
    ]
  }
}
